# THIS IS AN AUTOGENERATED FILE. DO NOT EDIT THIS FILE DIRECTLY.
# yarn lockfile v1


"@babel/runtime@^7.3.1", "@babel/runtime@^7.4.4", "@babel/runtime@^7.5.5", "@babel/runtime@^7.8.3", "@babel/runtime@^7.8.7":
  version "7.11.2"
  resolved "https://registry.yarnpkg.com/@babel/runtime/-/runtime-7.11.2.tgz#f549c13c754cc40b87644b9fa9f09a6a95fe0736"
  integrity sha512-TeWkU52so0mPtDcaCTxNBI/IHiz0pZgr8VEFqXFtZWpYD08ZB6FaSwVAS8MKRQAP3bYKiVjwysOJgMFY28o6Tw==
  dependencies:
    regenerator-runtime "^0.13.4"

"@emotion/hash@^0.8.0":
  version "0.8.0"
  resolved "https://registry.yarnpkg.com/@emotion/hash/-/hash-0.8.0.tgz#bbbff68978fefdbe68ccb533bc8cbe1d1afb5413"
  integrity sha512-kBJtf7PH6aWwZ6fka3zQ0p6SBYzx4fl1LoZXE2RrnYST9Xljm7WfKJrU4g/Xr3Beg72MLrp1AWNUmuYJTL7Cow==

"@lincode/events@^1.0.9":
  version "1.0.11"
  resolved "https://registry.yarnpkg.com/@lincode/events/-/events-1.0.11.tgz#220d028f6cf765f4b43f33d7826daa894b992054"
  integrity sha512-Oi/Wt2Y7LXwdiWwEmkpFOOMpw4k761rbLFDUdu3abouiJECeZXykGxltblntEoCgv4oVKxQOAlwzCGNRNqtfsw==
  dependencies:
    "@lincode/promiselikes" "^1.0.0"
    "@lincode/utils" "^1.0.0"

"@lincode/math@^1.0.1":
  version "1.0.1"
  resolved "https://registry.yarnpkg.com/@lincode/math/-/math-1.0.1.tgz#46911dcf497f447d5574bf7f09cadb2e3532d2f1"
  integrity sha512-St6uwKrjbLysdnKSnJb79Esm7+Ul3BaU51eq/ssvDhglekZ5HgEt8AY1ptAmGUB60XXsiC20Df4bWmmelXSEXg==

"@lincode/promiselikes@^1.0.0", "@lincode/promiselikes@^1.0.6":
  version "1.0.14"
  resolved "https://registry.yarnpkg.com/@lincode/promiselikes/-/promiselikes-1.0.14.tgz#42f9ff0adb9f55ca574a5d5a4e7288ca907e8117"
  integrity sha512-Pzif9X8T18W5O/XA5OmrFaKDHXfOatyKFQOSrR+4n/C7tauUzuxh+N9rNGNKr8Ff+Xy4pu5A8erRPbqmvzuFLg==
  dependencies:
    "@lincode/utils" "^1.0.0"

"@lincode/utils@^1.0.0", "@lincode/utils@^1.1.4", "@lincode/utils@^1.1.55":
  version "1.1.55"
  resolved "https://registry.yarnpkg.com/@lincode/utils/-/utils-1.1.55.tgz#a239276facbb7c6bc22ea6f725d8776631a193bd"
  integrity sha512-xQLOKahVr7uz7feiCFykbWbo/A906U4FI8dFbXTTrXaooqlrYt8WkrvMtZ/Eu+OqR8PMmlDIfKW9ZxkEr1jycg==
  dependencies:
    "@types/lodash.get" "*"
    "@types/lodash.has" "*"
    "@types/lodash.invert" "*"
    "@types/lodash.merge" "*"
    "@types/lodash.omit" "*"
    "@types/lodash.once" "*"
    "@types/lodash.range" "*"
    "@types/lodash.reduce" "*"
    "@types/lodash.set" "*"
    "@types/lodash.unset" "*"
    "@types/lodash.upperfirst" "*"
    lodash.get "*"
    lodash.has "*"
    lodash.invert "*"
    lodash.merge "*"
    lodash.omit "*"
    lodash.once "*"
    lodash.range "*"
    lodash.reduce "*"
    lodash.set "*"
    lodash.unset "*"
    lodash.upperfirst "*"

"@material-ui/core@^4.9.12":
  version "4.11.0"
  resolved "https://registry.yarnpkg.com/@material-ui/core/-/core-4.11.0.tgz#b69b26e4553c9e53f2bfaf1053e216a0af9be15a"
  integrity sha512-bYo9uIub8wGhZySHqLQ833zi4ZML+XCBE1XwJ8EuUVSpTWWG57Pm+YugQToJNFsEyiKFhPh8DPD0bgupz8n01g==
  dependencies:
    "@babel/runtime" "^7.4.4"
    "@material-ui/styles" "^4.10.0"
    "@material-ui/system" "^4.9.14"
    "@material-ui/types" "^5.1.0"
    "@material-ui/utils" "^4.10.2"
    "@types/react-transition-group" "^4.2.0"
    clsx "^1.0.4"
    hoist-non-react-statics "^3.3.2"
    popper.js "1.16.1-lts"
    prop-types "^15.7.2"
    react-is "^16.8.0"
    react-transition-group "^4.4.0"

"@material-ui/styles@^4.10.0":
  version "4.10.0"
  resolved "https://registry.yarnpkg.com/@material-ui/styles/-/styles-4.10.0.tgz#2406dc23aa358217aa8cc772e6237bd7f0544071"
  integrity sha512-XPwiVTpd3rlnbfrgtEJ1eJJdFCXZkHxy8TrdieaTvwxNYj42VnnCyFzxYeNW9Lhj4V1oD8YtQ6S5Gie7bZDf7Q==
  dependencies:
    "@babel/runtime" "^7.4.4"
    "@emotion/hash" "^0.8.0"
    "@material-ui/types" "^5.1.0"
    "@material-ui/utils" "^4.9.6"
    clsx "^1.0.4"
    csstype "^2.5.2"
    hoist-non-react-statics "^3.3.2"
    jss "^10.0.3"
    jss-plugin-camel-case "^10.0.3"
    jss-plugin-default-unit "^10.0.3"
    jss-plugin-global "^10.0.3"
    jss-plugin-nested "^10.0.3"
    jss-plugin-props-sort "^10.0.3"
    jss-plugin-rule-value-function "^10.0.3"
    jss-plugin-vendor-prefixer "^10.0.3"
    prop-types "^15.7.2"

"@material-ui/system@^4.9.14":
  version "4.9.14"
  resolved "https://registry.yarnpkg.com/@material-ui/system/-/system-4.9.14.tgz#4b00c48b569340cefb2036d0596b93ac6c587a5f"
  integrity sha512-oQbaqfSnNlEkXEziDcJDDIy8pbvwUmZXWNqlmIwDqr/ZdCK8FuV3f4nxikUh7hvClKV2gnQ9djh5CZFTHkZj3w==
  dependencies:
    "@babel/runtime" "^7.4.4"
    "@material-ui/utils" "^4.9.6"
    csstype "^2.5.2"
    prop-types "^15.7.2"

"@material-ui/types@^5.1.0":
  version "5.1.0"
  resolved "https://registry.yarnpkg.com/@material-ui/types/-/types-5.1.0.tgz#efa1c7a0b0eaa4c7c87ac0390445f0f88b0d88f2"
  integrity sha512-7cqRjrY50b8QzRSYyhSpx4WRw2YuO0KKIGQEVk5J8uoz2BanawykgZGoWEqKm7pVIbzFDN0SpPcVV4IhOFkl8A==

"@material-ui/utils@^4.10.2", "@material-ui/utils@^4.9.6":
  version "4.10.2"
  resolved "https://registry.yarnpkg.com/@material-ui/utils/-/utils-4.10.2.tgz#3fd5470ca61b7341f1e0468ac8f29a70bf6df321"
  integrity sha512-eg29v74P7W5r6a4tWWDAAfZldXIzfyO1am2fIsC39hdUUHm/33k6pGOKPbgDjg/U/4ifmgAePy/1OjkKN6rFRw==
  dependencies:
    "@babel/runtime" "^7.4.4"
    prop-types "^15.7.2"
    react-is "^16.8.0"

"@pinyinma/standardlib@^1.0.22":
  version "1.0.35"
  resolved "https://registry.yarnpkg.com/@pinyinma/standardlib/-/standardlib-1.0.35.tgz#85fb7d1fd0e6f51e7395c5f84cf3efef68f8bcbb"
  integrity sha512-gvZ0OIy7NiQE4os7dR0E15Y2DmJqDfSvG46nMG629n7NGnKXZsIJ/NIzT5SxUz/Sn42AaIjTln/smynjp7JQLA==
  dependencies:
    "@lincode/events" "^1.0.9"
    "@lincode/promiselikes" "^1.0.6"
    "@lincode/utils" "^1.1.4"

"@pinyinma/uilib@^1.0.29":
  version "1.0.29"
  resolved "https://registry.yarnpkg.com/@pinyinma/uilib/-/uilib-1.0.29.tgz#c66796c33add3be032d85319c45d7ffbc2eeb02e"
  integrity sha512-0PGnHAoFoTSTGyFjiTSwzr+2ZDUFupl55TtKKiwioExF3g9KXw6gPt6kZy3QufmpC2LfIvmPvSXj321dNpk1NA==
  dependencies:
    "@lincode/math" "^1.0.1"
    "@material-ui/core" "^4.9.12"
    "@pinyinma/standardlib" "^1.0.22"
    react "^16.13.1"
    react-dom "^16.13.1"
    react-imperative "2"
    react-screens "^1.0.5"

"@types/lodash.get@*":
  version "4.4.6"
  resolved "https://registry.yarnpkg.com/@types/lodash.get/-/lodash.get-4.4.6.tgz#0c7ac56243dae0f9f09ab6f75b29471e2e777240"
  integrity sha512-E6zzjR3GtNig8UJG/yodBeJeIOtgPkMgsLjDU3CbgCAPC++vJ0eCMnJhVpRZb/ENqEFlov1+3K9TKtY4UdWKtQ==
  dependencies:
    "@types/lodash" "*"

"@types/lodash.has@*":
  version "4.5.6"
  resolved "https://registry.yarnpkg.com/@types/lodash.has/-/lodash.has-4.5.6.tgz#d94d3f0b45ced2ae76d632080daf70e9b76e29eb"
  integrity sha512-SpUCvze0uHilQX/mt4K/cak5OQny1pVfz3pJx6H70dE3Tvw9s7EtlMK+vY6UBS+PQgETDfv6vhwoa3FPS2wrhg==
  dependencies:
    "@types/lodash" "*"

"@types/lodash.invert@*":
  version "4.3.6"
  resolved "https://registry.yarnpkg.com/@types/lodash.invert/-/lodash.invert-4.3.6.tgz#813a684b5e90985803dba2d92430fef8e782690e"
  integrity sha512-hlkxAJjHe7cn7hCX1ZaI2giwvxsZjuQbHxid8Bjr4lz/xuDJ4ybges6dJiHdnkHQkbdS1mCY2F40M2UBw+pYrg==
  dependencies:
    "@types/lodash" "*"

"@types/lodash.merge@*":
  version "4.6.6"
  resolved "https://registry.yarnpkg.com/@types/lodash.merge/-/lodash.merge-4.6.6.tgz#b84b403c1d31bc42d51772d1cd5557fa008cd3d6"
  integrity sha512-IB90krzMf7YpfgP3u/EvZEdXVvm4e3gJbUvh5ieuI+o+XqiNEt6fCzqNRaiLlPVScLI59RxIGZMQ3+Ko/DJ8vQ==
  dependencies:
    "@types/lodash" "*"

"@types/lodash.omit@*":
  version "4.5.6"
  resolved "https://registry.yarnpkg.com/@types/lodash.omit/-/lodash.omit-4.5.6.tgz#f2a9518259e481a48ff7ec423420fa8fd58933e2"
  integrity sha512-KXPpOSNX2h0DAG2w7ajpk7TXvWF28ZHs5nJhOJyP0BQHkehgr948RVsToItMme6oi0XJkp19CbuNXkIX8FiBlQ==
  dependencies:
    "@types/lodash" "*"

"@types/lodash.once@*":
  version "4.1.6"
  resolved "https://registry.yarnpkg.com/@types/lodash.once/-/lodash.once-4.1.6.tgz#f6ea46e3426bc3494b72a45e65efed440103b967"
  integrity sha512-kawTe2cBNZ5OI4CvTJT9cs8wacGZK4BoakKAGASl/jH3LxflMTuy82wN2U5klYsxYjrABkNWmzgO33volt7urQ==
  dependencies:
    "@types/lodash" "*"

"@types/lodash.range@*":
  version "3.2.6"
  resolved "https://registry.yarnpkg.com/@types/lodash.range/-/lodash.range-3.2.6.tgz#82e0afe2cbc77698a57a21b9f14cfd22cf547e9f"
  integrity sha512-bofMTb/7zteggVbeQfMp5iMd1Dar0txmq/i2HEWgrRabF4HxZsyHeny9YktvUGpgkk2m1A4qEkUovVWpbFDYRg==
  dependencies:
    "@types/lodash" "*"

"@types/lodash.reduce@*":
  version "4.6.6"
  resolved "https://registry.yarnpkg.com/@types/lodash.reduce/-/lodash.reduce-4.6.6.tgz#064fe105f1717d0af8d3d9894aedc57f51df3f11"
  integrity sha512-Hb3rlWwyLEG+aEy3e6MosaJxHdtV33kp21q6Q9stVXRMdkcxZK0lBcWEbRPfgxh/Ly1YaMLu0tnWEOwGbs21rw==
  dependencies:
    "@types/lodash" "*"

"@types/lodash.set@*":
  version "4.3.6"
  resolved "https://registry.yarnpkg.com/@types/lodash.set/-/lodash.set-4.3.6.tgz#33e635c2323f855359225df6a5c8c6f1f1908264"
  integrity sha512-ZeGDDlnRYTvS31Laij0RsSaguIUSBTYIlJFKL3vm3T2OAZAQj2YpSvVWJc0WiG4jqg9fGX6PAPGvDqBcHfSgFg==
  dependencies:
    "@types/lodash" "*"

"@types/lodash.unset@*":
  version "4.5.6"
  resolved "https://registry.yarnpkg.com/@types/lodash.unset/-/lodash.unset-4.5.6.tgz#a9c9937fcfc80a30b7c2e808c1ad2d1ed592e055"
  integrity sha512-KRMd2I4kKsfUsJfXRKMuleZHG4LAvacUatvaBcMup1OAPAlNdQXWm3q3BhusPFsS0/4rl7XXAnLxjHeaS/XU8w==
  dependencies:
    "@types/lodash" "*"

"@types/lodash.upperfirst@*":
  version "4.3.6"
  resolved "https://registry.yarnpkg.com/@types/lodash.upperfirst/-/lodash.upperfirst-4.3.6.tgz#36234bc7006e37a4d2603a64f4ffd7aae79f9a18"
  integrity sha512-op4ctKkT1eD/Nt8MCPlN7O2IQrYWIcH1rOPHM86SKzbliLG50eVXM6+qzkdxtBV7DZb3W/1Up2+k43WK9F0Bgg==
  dependencies:
    "@types/lodash" "*"

"@types/lodash@*":
  version "4.14.162"
  resolved "https://registry.yarnpkg.com/@types/lodash/-/lodash-4.14.162.tgz#65d78c397e0d883f44afbf1f7ba9867022411470"
  integrity sha512-alvcho1kRUnnD1Gcl4J+hK0eencvzq9rmzvFPRmP5rPHx9VVsJj6bKLTATPVf9ktgv4ujzh7T+XWKp+jhuODig==

"@types/prop-types@*":
  version "15.7.3"
  resolved "https://registry.yarnpkg.com/@types/prop-types/-/prop-types-15.7.3.tgz#2ab0d5da2e5815f94b0b9d4b95d1e5f243ab2ca7"
  integrity sha512-KfRL3PuHmqQLOG+2tGpRO26Ctg+Cq1E01D2DMriKEATHgWLfeNDmq9e29Q9WIky0dQ3NPkd1mzYH8Lm936Z9qw==

"@types/react-transition-group@^4.2.0":
  version "4.4.0"
  resolved "https://registry.yarnpkg.com/@types/react-transition-group/-/react-transition-group-4.4.0.tgz#882839db465df1320e4753e6e9f70ca7e9b4d46d"
  integrity sha512-/QfLHGpu+2fQOqQaXh8MG9q03bFENooTb/it4jr5kKaZlDQfWvjqWZg48AwzPVMBHlRuTRAY7hRHCEOXz5kV6w==
  dependencies:
    "@types/react" "*"

"@types/react@*":
  version "16.9.51"
  resolved "https://registry.yarnpkg.com/@types/react/-/react-16.9.51.tgz#f8aa51ffa9996f1387f63686696d9b59713d2b60"
  integrity sha512-lQa12IyO+DMlnSZ3+AGHRUiUcpK47aakMMoBG8f7HGxJT8Yfe+WE128HIXaHOHVPReAW0oDS3KAI0JI2DDe1PQ==
  dependencies:
    "@types/prop-types" "*"
    csstype "^3.0.2"

clsx@^1.0.4:
  version "1.1.1"
  resolved "https://registry.yarnpkg.com/clsx/-/clsx-1.1.1.tgz#98b3134f9abbdf23b2663491ace13c5c03a73188"
  integrity sha512-6/bPho624p3S2pMyvP5kKBPXnI3ufHLObBFCfgx+LkeR5lg2XYy2hqZqUf45ypD8COn2bhgGJSUE+l5dhNBieA==

css-vendor@^2.0.8:
  version "2.0.8"
  resolved "https://registry.yarnpkg.com/css-vendor/-/css-vendor-2.0.8.tgz#e47f91d3bd3117d49180a3c935e62e3d9f7f449d"
  integrity sha512-x9Aq0XTInxrkuFeHKbYC7zWY8ai7qJ04Kxd9MnvbC1uO5DagxoHQjm4JvG+vCdXOoFtCjbL2XSZfxmoYa9uQVQ==
  dependencies:
    "@babel/runtime" "^7.8.3"
    is-in-browser "^1.0.2"

csstype@^2.5.2:
  version "2.6.13"
  resolved "https://registry.yarnpkg.com/csstype/-/csstype-2.6.13.tgz#a6893015b90e84dd6e85d0e3b442a1e84f2dbe0f"
  integrity sha512-ul26pfSQTZW8dcOnD2iiJssfXw0gdNVX9IJDH/X3K5DGPfj+fUYe3kB+swUY6BF3oZDxaID3AJt+9/ojSAE05A==

csstype@^3.0.2:
  version "3.0.3"
  resolved "https://registry.yarnpkg.com/csstype/-/csstype-3.0.3.tgz#2b410bbeba38ba9633353aff34b05d9755d065f8"
  integrity sha512-jPl+wbWPOWJ7SXsWyqGRk3lGecbar0Cb0OvZF/r/ZU011R4YqiRehgkQ9p4eQfo9DSDLqLL3wHwfxeJiuIsNag==

dom-helpers@^5.0.1:
  version "5.2.0"
  resolved "https://registry.yarnpkg.com/dom-helpers/-/dom-helpers-5.2.0.tgz#57fd054c5f8f34c52a3eeffdb7e7e93cd357d95b"
  integrity sha512-Ru5o9+V8CpunKnz5LGgWXkmrH/20cGKwcHwS4m73zIvs54CN9epEmT/HLqFJW3kXpakAFkEdzgy1hzlJe3E4OQ==
  dependencies:
    "@babel/runtime" "^7.8.7"
    csstype "^3.0.2"

hoist-non-react-statics@^3.3.2:
  version "3.3.2"
  resolved "https://registry.yarnpkg.com/hoist-non-react-statics/-/hoist-non-react-statics-3.3.2.tgz#ece0acaf71d62c2969c2ec59feff42a4b1a85b45"
  integrity sha512-/gGivxi8JPKWNm/W0jSmzcMPpfpPLc3dY/6GxhX2hQ9iGj3aDfklV4ET7NjKpSinLpJ5vafa9iiGIEZg10SfBw==
  dependencies:
    react-is "^16.7.0"

hyphenate-style-name@^1.0.3:
  version "1.0.4"
  resolved "https://registry.yarnpkg.com/hyphenate-style-name/-/hyphenate-style-name-1.0.4.tgz#691879af8e220aea5750e8827db4ef62a54e361d"
  integrity sha512-ygGZLjmXfPHj+ZWh6LwbC37l43MhfztxetbFCoYTM2VjkIUpeHgSNn7QIyVFj7YQ1Wl9Cbw5sholVJPzWvC2MQ==

is-in-browser@^1.0.2, is-in-browser@^1.1.3:
  version "1.1.3"
  resolved "https://registry.yarnpkg.com/is-in-browser/-/is-in-browser-1.1.3.tgz#56ff4db683a078c6082eb95dad7dc62e1d04f835"
  integrity sha1-Vv9NtoOgeMYILrldrX3GLh0E+DU=

"js-tokens@^3.0.0 || ^4.0.0":
  version "4.0.0"
  resolved "https://registry.yarnpkg.com/js-tokens/-/js-tokens-4.0.0.tgz#19203fb59991df98e3a287050d4647cdeaf32499"
  integrity sha512-RdJUflcE3cUzKiMqQgsCu06FPu9UdIJO0beYbPhHN4k6apgJtifcoCtT9bcxOpYBtpD2kCM6Sbzg4CausW/PKQ==

jss-plugin-camel-case@^10.0.3:
  version "10.4.0"
  resolved "https://registry.yarnpkg.com/jss-plugin-camel-case/-/jss-plugin-camel-case-10.4.0.tgz#46c75ff7fd61c304984c21af5817823f0f501ceb"
  integrity sha512-9oDjsQ/AgdBbMyRjc06Kl3P8lDCSEts2vYZiPZfGAxbGCegqE4RnMob3mDaBby5H9vL9gWmyyImhLRWqIkRUCw==
  dependencies:
    "@babel/runtime" "^7.3.1"
    hyphenate-style-name "^1.0.3"
    jss "10.4.0"

jss-plugin-default-unit@^10.0.3:
  version "10.4.0"
  resolved "https://registry.yarnpkg.com/jss-plugin-default-unit/-/jss-plugin-default-unit-10.4.0.tgz#2b10f01269eaea7f36f0f5fd1cfbfcc76ed42854"
  integrity sha512-BYJ+Y3RUYiMEgmlcYMLqwbA49DcSWsGgHpVmEEllTC8MK5iJ7++pT9TnKkKBnNZZxTV75ycyFCR5xeLSOzVm4A==
  dependencies:
    "@babel/runtime" "^7.3.1"
    jss "10.4.0"

jss-plugin-global@^10.0.3:
  version "10.4.0"
  resolved "https://registry.yarnpkg.com/jss-plugin-global/-/jss-plugin-global-10.4.0.tgz#19449425a94e4e74e113139b629fd44d3577f97d"
  integrity sha512-b8IHMJUmv29cidt3nI4bUI1+Mo5RZE37kqthaFpmxf5K7r2aAegGliAw4hXvA70ca6ckAoXMUl4SN/zxiRcRag==
  dependencies:
    "@babel/runtime" "^7.3.1"
    jss "10.4.0"

jss-plugin-nested@^10.0.3:
  version "10.4.0"
  resolved "https://registry.yarnpkg.com/jss-plugin-nested/-/jss-plugin-nested-10.4.0.tgz#017d0c02c0b6b454fd9d7d3fc33470a15eea9fd1"
  integrity sha512-cKgpeHIxAP0ygeWh+drpLbrxFiak6zzJ2toVRi/NmHbpkNaLjTLgePmOz5+67ln3qzJiPdXXJB1tbOyYKAP4Pw==
  dependencies:
    "@babel/runtime" "^7.3.1"
    jss "10.4.0"
    tiny-warning "^1.0.2"

jss-plugin-props-sort@^10.0.3:
  version "10.4.0"
  resolved "https://registry.yarnpkg.com/jss-plugin-props-sort/-/jss-plugin-props-sort-10.4.0.tgz#7110bf0b6049cc2080b220b506532bf0b70c0e07"
  integrity sha512-j/t0R40/2fp+Nzt6GgHeUFnHVY2kPGF5drUVlgkcwYoHCgtBDOhTTsOfdaQFW6sHWfoQYgnGV4CXdjlPiRrzwA==
  dependencies:
    "@babel/runtime" "^7.3.1"
    jss "10.4.0"

jss-plugin-rule-value-function@^10.0.3:
  version "10.4.0"
  resolved "https://registry.yarnpkg.com/jss-plugin-rule-value-function/-/jss-plugin-rule-value-function-10.4.0.tgz#7cff4a91e84973536fa49b6ebbdbf7f339b01c82"
  integrity sha512-w8504Cdfu66+0SJoLkr6GUQlEb8keHg8ymtJXdVHWh0YvFxDG2l/nS93SI5Gfx0fV29dO6yUugXnKzDFJxrdFQ==
  dependencies:
    "@babel/runtime" "^7.3.1"
    jss "10.4.0"
    tiny-warning "^1.0.2"

jss-plugin-vendor-prefixer@^10.0.3:
  version "10.4.0"
  resolved "https://registry.yarnpkg.com/jss-plugin-vendor-prefixer/-/jss-plugin-vendor-prefixer-10.4.0.tgz#2a78f3c5d57d1e024fe7ad7c41de34d04e72ecc0"
  integrity sha512-DpF+/a+GU8hMh/948sBGnKSNfKkoHg2p9aRFUmyoyxgKjOeH9n74Ht3Yt8lOgdZsuWNJbPrvaa3U4PXKwxVpTQ==
  dependencies:
    "@babel/runtime" "^7.3.1"
    css-vendor "^2.0.8"
    jss "10.4.0"

jss@10.4.0, jss@^10.0.3:
  version "10.4.0"
  resolved "https://registry.yarnpkg.com/jss/-/jss-10.4.0.tgz#473a6fbe42e85441020a07e9519dac1e8a2e79ca"
  integrity sha512-l7EwdwhsDishXzqTc3lbsbyZ83tlUl5L/Hb16pHCvZliA9lRDdNBZmHzeJHP0sxqD0t1mrMmMR8XroR12JBYzw==
  dependencies:
    "@babel/runtime" "^7.3.1"
    csstype "^3.0.2"
    is-in-browser "^1.1.3"
    tiny-warning "^1.0.2"

lodash.get@*:
  version "4.4.2"
  resolved "https://registry.yarnpkg.com/lodash.get/-/lodash.get-4.4.2.tgz#2d177f652fa31e939b4438d5341499dfa3825e99"
  integrity sha1-LRd/ZS+jHpObRDjVNBSZ36OCXpk=

lodash.has@*:
  version "4.5.2"
  resolved "https://registry.yarnpkg.com/lodash.has/-/lodash.has-4.5.2.tgz#d19f4dc1095058cccbe2b0cdf4ee0fe4aa37c862"
  integrity sha1-0Z9NwQlQWMzL4rDN9O4P5Ko3yGI=

lodash.invert@*:
  version "4.3.0"
  resolved "https://registry.yarnpkg.com/lodash.invert/-/lodash.invert-4.3.0.tgz#8ffe20d4b616f56bea8f1aa0c6ebd80dcf742aee"
  integrity sha1-j/4g1LYW9WvqjxqgxuvYDc90Ku4=

lodash.merge@*:
  version "4.6.2"
  resolved "https://registry.yarnpkg.com/lodash.merge/-/lodash.merge-4.6.2.tgz#558aa53b43b661e1925a0afdfa36a9a1085fe57a"
  integrity sha512-0KpjqXRVvrYyCsX1swR/XTK0va6VQkQM6MNo7PqW77ByjAhoARA8EfrP1N4+KlKj8YS0ZUCtRT/YUuhyYDujIQ==

lodash.omit@*:
  version "4.5.0"
  resolved "https://registry.yarnpkg.com/lodash.omit/-/lodash.omit-4.5.0.tgz#6eb19ae5a1ee1dd9df0b969e66ce0b7fa30b5e60"
  integrity sha1-brGa5aHuHdnfC5aeZs4Lf6MLXmA=

lodash.once@*:
  version "4.1.1"
  resolved "https://registry.yarnpkg.com/lodash.once/-/lodash.once-4.1.1.tgz#0dd3971213c7c56df880977d504c88fb471a97ac"
  integrity sha1-DdOXEhPHxW34gJd9UEyI+0cal6w=

lodash.range@*:
  version "3.2.0"
  resolved "https://registry.yarnpkg.com/lodash.range/-/lodash.range-3.2.0.tgz#f461e588f66683f7eadeade513e38a69a565a15d"
  integrity sha1-9GHliPZmg/fq3q3lE+OKaaVloV0=

lodash.reduce@*:
  version "4.6.0"
  resolved "https://registry.yarnpkg.com/lodash.reduce/-/lodash.reduce-4.6.0.tgz#f1ab6b839299ad48f784abbf476596f03b914d3b"
  integrity sha1-8atrg5KZrUj3hKu/R2WW8DuRTTs=

lodash.set@*:
  version "4.3.2"
  resolved "https://registry.yarnpkg.com/lodash.set/-/lodash.set-4.3.2.tgz#d8757b1da807dde24816b0d6a84bea1a76230b23"
  integrity sha1-2HV7HagH3eJIFrDWqEvqGnYjCyM=

lodash.unset@*:
  version "4.5.2"
  resolved "https://registry.yarnpkg.com/lodash.unset/-/lodash.unset-4.5.2.tgz#370d1d3e85b72a7e1b0cdf2d272121306f23e4ed"
  integrity sha1-Nw0dPoW3Kn4bDN8tJyEhMG8j5O0=

lodash.upperfirst@*:
  version "4.3.1"
  resolved "https://registry.yarnpkg.com/lodash.upperfirst/-/lodash.upperfirst-4.3.1.tgz#1365edf431480481ef0d1c68957a5ed99d49f7ce"
  integrity sha1-E2Xt9DFIBIHvDRxolXpe2Z1J984=

loose-envify@^1.1.0, loose-envify@^1.4.0:
  version "1.4.0"
  resolved "https://registry.yarnpkg.com/loose-envify/-/loose-envify-1.4.0.tgz#71ee51fa7be4caec1a63839f7e682d8132d30caf"
  integrity sha512-lyuxPGr/Wfhrlem2CL/UcnUc1zcqKAImBDzukY7Y5F/yQiNdko6+fRLevlw1HgMySw7f611UIY408EtxRSoK3Q==
  dependencies:
    js-tokens "^3.0.0 || ^4.0.0"

object-assign@^4.1.1:
  version "4.1.1"
  resolved "https://registry.yarnpkg.com/object-assign/-/object-assign-4.1.1.tgz#2109adc7965887cfc05cbbd442cac8bfbb360863"
  integrity sha1-IQmtx5ZYh8/AXLvUQsrIv7s2CGM=

popper.js@1.16.1-lts:
  version "1.16.1-lts"
  resolved "https://registry.yarnpkg.com/popper.js/-/popper.js-1.16.1-lts.tgz#cf6847b807da3799d80ee3d6d2f90df8a3f50b05"
  integrity sha512-Kjw8nKRl1m+VrSFCoVGPph93W/qrSO7ZkqPpTf7F4bk/sqcfWK019dWBUpE/fBOsOQY1dks/Bmcbfn1heM/IsA==

prop-types@^15.6.2, prop-types@^15.7.2:
  version "15.7.2"
  resolved "https://registry.yarnpkg.com/prop-types/-/prop-types-15.7.2.tgz#52c41e75b8c87e72b9d9360e0206b99dcbffa6c5"
  integrity sha512-8QQikdH7//R2vurIJSutZ1smHYTcLpRWEOlHnzcWHmBYrOGUysKwSsrC89BCiFj3CbrfJ/nXFdJepOVrY1GCHQ==
  dependencies:
    loose-envify "^1.4.0"
    object-assign "^4.1.1"
    react-is "^16.8.1"

react-dom@^16.13.1:
  version "16.13.1"
  resolved "https://registry.yarnpkg.com/react-dom/-/react-dom-16.13.1.tgz#c1bd37331a0486c078ee54c4740720993b2e0e7f"
  integrity sha512-81PIMmVLnCNLO/fFOQxdQkvEq/+Hfpv24XNJfpyZhTRfO0QcmQIF/PgCa1zCOj2w1hrn12MFLyaJ/G0+Mxtfag==
  dependencies:
    loose-envify "^1.1.0"
    object-assign "^4.1.1"
    prop-types "^15.6.2"
    scheduler "^0.19.1"

react-imperative@2:
  version "2.0.9"
  resolved "https://registry.yarnpkg.com/react-imperative/-/react-imperative-2.0.9.tgz#7572a6f854d97fc73f4cb363b6d8c38c402abfd4"
  integrity sha512-CQ2bFc3ONjQeKmOvHGhbemDTsK2a+clZ0Ax4mmmg6n4NTDegaulTLgnvuTb81WAIyubhTEKNQ/ppZgSpmAw2Lg==
  dependencies:
    "@lincode/utils" "^1.1.55"
    react "^16.13.1"
    react-dom "^16.13.1"

react-is@^16.7.0, react-is@^16.8.0, react-is@^16.8.1:
  version "16.13.1"
  resolved "https://registry.yarnpkg.com/react-is/-/react-is-16.13.1.tgz#789729a4dc36de2999dc156dd6c1d9c18cea56a4"
  integrity sha512-24e6ynE2H+OKt4kqsOvNd8kBpV65zoxbA4BVsEOB3ARVWQki/DHzaUoC5KuON/BiccDaCCTZBuOcfZs70kR8bQ==

react-screens@^1.0.5:
  version "1.0.7"
  resolved "https://registry.yarnpkg.com/react-screens/-/react-screens-1.0.7.tgz#696b8beb7da7c93201001183d1ad4d946843b3fa"
  integrity sha512-LUCWX+w6praEUE36JDRjxAu86sKwvcmzB59ZS1aTjB7B3Sg05cXgFGR8Yvb433wbrqtFEiRPeLSym5KncPxUfg==
  dependencies:
    "@lincode/utils" "^1.1.55"
    react "^16.13.1"

react-transition-group@^4.4.0:
  version "4.4.1"
  resolved "https://registry.yarnpkg.com/react-transition-group/-/react-transition-group-4.4.1.tgz#63868f9325a38ea5ee9535d828327f85773345c9"
  integrity sha512-Djqr7OQ2aPUiYurhPalTrVy9ddmFCCzwhqQmtN+J3+3DzLO209Fdr70QrN8Z3DsglWql6iY1lDWAfpFiBtuKGw==
  dependencies:
    "@babel/runtime" "^7.5.5"
    dom-helpers "^5.0.1"
    loose-envify "^1.4.0"
    prop-types "^15.6.2"

react@^16.13.1:
  version "16.13.1"
  resolved "https://registry.yarnpkg.com/react/-/react-16.13.1.tgz#2e818822f1a9743122c063d6410d85c1e3afe48e"
  integrity sha512-YMZQQq32xHLX0bz5Mnibv1/LHb3Sqzngu7xstSM+vrkE5Kzr9xE0yMByK5kMoTK30YVJE61WfbxIFFvfeDKT1w==
  dependencies:
    loose-envify "^1.1.0"
    object-assign "^4.1.1"
    prop-types "^15.6.2"

regenerator-runtime@^0.13.4:
  version "0.13.7"
  resolved "https://registry.yarnpkg.com/regenerator-runtime/-/regenerator-runtime-0.13.7.tgz#cac2dacc8a1ea675feaabaeb8ae833898ae46f55"
  integrity sha512-a54FxoJDIr27pgf7IgeQGxmqUNYrcV338lf/6gH456HZ/PhX+5BcwHXG9ajESmwe6WRO0tAzRUrRmNONWgkrew==

scheduler@^0.19.1:
  version "0.19.1"
  resolved "https://registry.yarnpkg.com/scheduler/-/scheduler-0.19.1.tgz#4f3e2ed2c1a7d65681f4c854fa8c5a1ccb40f196"
  integrity sha512-n/zwRWRYSUj0/3g/otKDRPMh6qv2SYMWNq85IEa8iZyAv8od9zDYpGSnpBEjNgcMNq6Scbu5KfIPxNF72R/2EA==
  dependencies:
    loose-envify "^1.1.0"
    object-assign "^4.1.1"

tiny-warning@^1.0.2:
  version "1.0.3"
  resolved "https://registry.yarnpkg.com/tiny-warning/-/tiny-warning-1.0.3.tgz#94a30db453df4c643d0fd566060d60a875d84754"
  integrity sha512-lBN9zLN/oAf68o3zNXYrdCt1kP8WsiGW8Oo2ka41b2IM5JL/S1CTyX1rW0mb/zSuJun0ZUrDxx4sqvYS2FWzPA==
